
Microsoft Visual Studio Solution File, Format Version 12.00
# Visual Studio Version 17
VisualStudioVersion = 17.0.32014.148
MinimumVisualStudioVersion = 10.0.40219.1
Project("{FAE04EC0-301F-11D3-BF4B-00C04F79EFBC}") = "SignalRChat", "SignalRChat\SignalRChat.csproj", "{B63C1C48-F9CA-48D5-8F60-88C11E6AB0F6}"
EndProject
Global
	GlobalSection(SolutionConfigurationPlatforms) = preSolution
		Debug|Any CPU = Debug|Any CPU
		Release|Any CPU = Release|Any CPU
	EndGlobalSection
	GlobalSection(ProjectConfigurationPlatforms) = postSolution
		{B63C1C48-F9CA-48D5-8F60-88C11E6AB0F6}.Debug|Any CPU.ActiveCfg = Debug|Any CPU
		{B63C1C48-F9CA-48D5-8F60-88C11E6AB0F6}.Debug|Any CPU.Build.0 = Debug|Any CPU
		{B63C1C48-F9CA-48D5-8F60-88C11E6AB0F6}.Release|Any CPU.ActiveCfg = Release|Any CPU
		{B63C1C48-F9CA-48D5-8F60-88C11E6AB0F6}.Release|Any CPU.Build.0 = Release|Any CPU
	EndGlobalSection
	GlobalSection(SolutionProperties) = preSolution
		HideSolutionNode = FALSE
	EndGlobalSection
	GlobalSection(ExtensibilityGlobals) = postSolution
		SolutionGuid = {9E1C98B2-21B8-40CA-A16F-391AED219681}
	EndGlobalSection
EndGlobal
